
Microsoft Visual Studio Solution File, Format Version 12.00
# Visual Studio Version 17
VisualStudioVersion = 17.7.34221.43
MinimumVisualStudioVersion = 10.0.40219.1
Project("{FAE04EC0-301F-11D3-BF4B-00C04F79EFBC}") = "Toy_Robot", "Toy_Robot\Toy_Robot.csproj", "{6CFD11E0-A6BA-4951-B08B-06A5188B3E00}"
EndProject
Project("{FAE04EC0-301F-11D3-BF4B-00C04F79EFBC}") = "ToyRoboUnitTest", "ToyRoboUnitTest\ToyRoboUnitTest.csproj", "{ADB6A929-3CFA-4808-9F3F-4CF54E08DE6A}"
EndProject
Global
	GlobalSection(SolutionConfigurationPlatforms) = preSolution
		Debug|Any CPU = Debug|Any CPU
		Release|Any CPU = Release|Any CPU
	EndGlobalSection
	GlobalSection(ProjectConfigurationPlatforms) = postSolution
		{6CFD11E0-A6BA-4951-B08B-06A5188B3E00}.Debug|Any CPU.ActiveCfg = Debug|Any CPU
		{6CFD11E0-A6BA-4951-B08B-06A5188B3E00}.Debug|Any CPU.Build.0 = Debug|Any CPU
		{6CFD11E0-A6BA-4951-B08B-06A5188B3E00}.Release|Any CPU.ActiveCfg = Release|Any CPU
		{6CFD11E0-A6BA-4951-B08B-06A5188B3E00}.Release|Any CPU.Build.0 = Release|Any CPU
		{ADB6A929-3CFA-4808-9F3F-4CF54E08DE6A}.Debug|Any CPU.ActiveCfg = Debug|Any CPU
		{ADB6A929-3CFA-4808-9F3F-4CF54E08DE6A}.Debug|Any CPU.Build.0 = Debug|Any CPU
		{ADB6A929-3CFA-4808-9F3F-4CF54E08DE6A}.Release|Any CPU.ActiveCfg = Release|Any CPU
		{ADB6A929-3CFA-4808-9F3F-4CF54E08DE6A}.Release|Any CPU.Build.0 = Release|Any CPU
	EndGlobalSection
	GlobalSection(SolutionProperties) = preSolution
		HideSolutionNode = FALSE
	EndGlobalSection
	GlobalSection(ExtensibilityGlobals) = postSolution
		SolutionGuid = {B85F9700-1B40-49E0-B26D-802CF311EB8F}
	EndGlobalSection
EndGlobal
